
Microsoft Visual Studio Solution File, Format Version 12.00
# Visual Studio 15
VisualStudioVersion = 15.0.28010.0
MinimumVisualStudioVersion = 10.0.40219.1
Project("{FAE04EC0-301F-11D3-BF4B-00C04F79EFBC}") = "ParameterizedSP", "ParameterizedSP.csproj", "{6383DEE2-382D-44FE-9174-F1A728DBDA2D}"
EndProject
Global
	GlobalSection(SolutionConfigurationPlatforms) = preSolution
		Debug|Any CPU = Debug|Any CPU
		Release|Any CPU = Release|Any CPU
	EndGlobalSection
	GlobalSection(ProjectConfigurationPlatforms) = postSolution
		{6383DEE2-382D-44FE-9174-F1A728DBDA2D}.Debug|Any CPU.ActiveCfg = Debug|Any CPU
		{6383DEE2-382D-44FE-9174-F1A728DBDA2D}.Debug|Any CPU.Build.0 = Debug|Any CPU
		{6383DEE2-382D-44FE-9174-F1A728DBDA2D}.Release|Any CPU.ActiveCfg = Release|Any CPU
		{6383DEE2-382D-44FE-9174-F1A728DBDA2D}.Release|Any CPU.Build.0 = Release|Any CPU
	EndGlobalSection
	GlobalSection(SolutionProperties) = preSolution
		HideSolutionNode = FALSE
	EndGlobalSection
	GlobalSection(ExtensibilityGlobals) = postSolution
		SolutionGuid = {C830B983-642A-4D86-8C6E-72D421F211F3}
	EndGlobalSection
EndGlobal
